
Microsoft Visual Studio Solution File, Format Version 12.00
# Visual Studio 2013
VisualStudioVersion = 12.0.31101.0
MinimumVisualStudioVersion = 10.0.40219.1
Project("{E24C65DC-7377-472B-9ABA-BC803B73C61A}") = "WebSiteHc", "http://localhost:49749", "{F15D995E-6240-4BCD-94C7-F5638E09B2DF}"
	ProjectSection(WebsiteProperties) = preProject
		UseIISExpress = "true"
		TargetFrameworkMoniker = ".NETFramework,Version%3Dv4.5"
		Debug.AspNetCompiler.VirtualPath = "/localhost_49749"
		Debug.AspNetCompiler.PhysicalPath = "WebSiteHc\"
		Debug.AspNetCompiler.TargetPath = "PrecompiledWeb\localhost_49749\"
		Debug.AspNetCompiler.Updateable = "true"
		Debug.AspNetCompiler.ForceOverwrite = "true"
		Debug.AspNetCompiler.FixedNames = "false"
		Debug.AspNetCompiler.Debug = "True"
		Release.AspNetCompiler.VirtualPath = "/localhost_49749"
		Release.AspNetCompiler.PhysicalPath = "WebSiteHc\"
		Release.AspNetCompiler.TargetPath = "PrecompiledWeb\localhost_49749\"
		Release.AspNetCompiler.Updateable = "true"
		Release.AspNetCompiler.ForceOverwrite = "true"
		Release.AspNetCompiler.FixedNames = "false"
		Release.AspNetCompiler.Debug = "False"
		SlnRelativePath = "WebSiteHc\"
		DefaultWebSiteLanguage = "Visual C#"
	EndProjectSection
EndProject
Project("{FAE04EC0-301F-11D3-BF4B-00C04F79EFBC}") = "WebForm", "WebForm\WebForm.csproj", "{DF35AFD1-4128-4385-9266-B1386EAF2BCA}"
EndProject
Project("{FAE04EC0-301F-11D3-BF4B-00C04F79EFBC}") = "WebMvc", "WebMvc\WebMvc.csproj", "{882B1B66-9A44-4C1D-B821-B81D6356D241}"
EndProject
Global
	GlobalSection(SolutionConfigurationPlatforms) = preSolution
		Debug|Any CPU = Debug|Any CPU
		Release|Any CPU = Release|Any CPU
	EndGlobalSection
	GlobalSection(ProjectConfigurationPlatforms) = postSolution
		{F15D995E-6240-4BCD-94C7-F5638E09B2DF}.Debug|Any CPU.ActiveCfg = Debug|Any CPU
		{F15D995E-6240-4BCD-94C7-F5638E09B2DF}.Debug|Any CPU.Build.0 = Debug|Any CPU
		{F15D995E-6240-4BCD-94C7-F5638E09B2DF}.Release|Any CPU.ActiveCfg = Debug|Any CPU
		{F15D995E-6240-4BCD-94C7-F5638E09B2DF}.Release|Any CPU.Build.0 = Debug|Any CPU
		{DF35AFD1-4128-4385-9266-B1386EAF2BCA}.Debug|Any CPU.ActiveCfg = Debug|Any CPU
		{DF35AFD1-4128-4385-9266-B1386EAF2BCA}.Debug|Any CPU.Build.0 = Debug|Any CPU
		{DF35AFD1-4128-4385-9266-B1386EAF2BCA}.Release|Any CPU.ActiveCfg = Release|Any CPU
		{DF35AFD1-4128-4385-9266-B1386EAF2BCA}.Release|Any CPU.Build.0 = Release|Any CPU
		{882B1B66-9A44-4C1D-B821-B81D6356D241}.Debug|Any CPU.ActiveCfg = Debug|Any CPU
		{882B1B66-9A44-4C1D-B821-B81D6356D241}.Debug|Any CPU.Build.0 = Debug|Any CPU
		{882B1B66-9A44-4C1D-B821-B81D6356D241}.Release|Any CPU.ActiveCfg = Release|Any CPU
		{882B1B66-9A44-4C1D-B821-B81D6356D241}.Release|Any CPU.Build.0 = Release|Any CPU
	EndGlobalSection
	GlobalSection(SolutionProperties) = preSolution
		HideSolutionNode = FALSE
	EndGlobalSection
EndGlobal
